
Microsoft Visual Studio Solution File, Format Version 12.00
# Visual Studio Version 17
VisualStudioVersion = 17.0.31815.197
MinimumVisualStudioVersion = 10.0.40219.1
Project("{FAE04EC0-301F-11D3-BF4B-00C04F79EFBC}") = "Wow-Scanner", "Wow-Scanner\Wow-Scanner.csproj", "{777183B6-0EDC-4573-8C6D-EB27CF204C40}"
EndProject
Global
	GlobalSection(SolutionConfigurationPlatforms) = preSolution
		Debug|Any CPU = Debug|Any CPU
		Debug|x64 = Debug|x64
		Release|Any CPU = Release|Any CPU
		Release|x64 = Release|x64
	EndGlobalSection
	GlobalSection(ProjectConfigurationPlatforms) = postSolution
		{777183B6-0EDC-4573-8C6D-EB27CF204C40}.Debug|Any CPU.ActiveCfg = Debug|Any CPU
		{777183B6-0EDC-4573-8C6D-EB27CF204C40}.Debug|Any CPU.Build.0 = Debug|Any CPU
		{777183B6-0EDC-4573-8C6D-EB27CF204C40}.Debug|x64.ActiveCfg = Debug|x64
		{777183B6-0EDC-4573-8C6D-EB27CF204C40}.Debug|x64.Build.0 = Debug|x64
		{777183B6-0EDC-4573-8C6D-EB27CF204C40}.Release|Any CPU.ActiveCfg = Release|Any CPU
		{777183B6-0EDC-4573-8C6D-EB27CF204C40}.Release|Any CPU.Build.0 = Release|Any CPU
		{777183B6-0EDC-4573-8C6D-EB27CF204C40}.Release|x64.ActiveCfg = Release|x64
		{777183B6-0EDC-4573-8C6D-EB27CF204C40}.Release|x64.Build.0 = Release|x64
	EndGlobalSection
	GlobalSection(SolutionProperties) = preSolution
		HideSolutionNode = FALSE
	EndGlobalSection
	GlobalSection(ExtensibilityGlobals) = postSolution
		SolutionGuid = {E01864BE-C2C6-4080-B535-1DBAA86649A6}
	EndGlobalSection
EndGlobal
